
Microsoft Visual Studio Solution File, Format Version 12.00
# Visual Studio 14
VisualStudioVersion = 14.0.24720.0
MinimumVisualStudioVersion = 10.0.40219.1
Project("{FAE04EC0-301F-11D3-BF4B-00C04F79EFBC}") = "Integration.WebApi.SelfHosting", "Integration.WebApi.SelfHosting\Integration.WebApi.SelfHosting.csproj", "{D91E7AFE-1107-4BCF-AF00-4E04B6F6C712}"
EndProject
Global
	GlobalSection(SolutionConfigurationPlatforms) = preSolution
		Debug|Any CPU = Debug|Any CPU
		Release|Any CPU = Release|Any CPU
	EndGlobalSection
	GlobalSection(ProjectConfigurationPlatforms) = postSolution
		{D91E7AFE-1107-4BCF-AF00-4E04B6F6C712}.Debug|Any CPU.ActiveCfg = Debug|Any CPU
		{D91E7AFE-1107-4BCF-AF00-4E04B6F6C712}.Debug|Any CPU.Build.0 = Debug|Any CPU
		{D91E7AFE-1107-4BCF-AF00-4E04B6F6C712}.Release|Any CPU.ActiveCfg = Release|Any CPU
		{D91E7AFE-1107-4BCF-AF00-4E04B6F6C712}.Release|Any CPU.Build.0 = Release|Any CPU
	EndGlobalSection
	GlobalSection(SolutionProperties) = preSolution
		HideSolutionNode = FALSE
	EndGlobalSection
EndGlobal
